
Microsoft Visual Studio Solution File, Format Version 12.00
# Visual Studio Version 17
VisualStudioVersion = 17.3.32922.545
MinimumVisualStudioVersion = 10.0.40219.1
Project("{9A19103F-16F7-4668-BE54-9A1E7A4F7556}") = "E-commerce", "E-commerce\E-commerce.csproj", "{16FCC1BE-2DB3-4B2A-8F2E-6DCD35CBEEBC}"
EndProject
Project("{FAE04EC0-301F-11D3-BF4B-00C04F79EFBC}") = "E-Commerce.Core.Data", "E-Commerce.Core.Data\E-Commerce.Core.Data.csproj", "{6994EF3C-C819-4162-B062-EF6F4418831F}"
EndProject
Project("{2150E333-8FDC-42A3-9474-1A3956D46DE8}") = "Libs", "Libs", "{34FB33FC-7FF2-4733-8B98-C31779FA1586}"
EndProject
Global
	GlobalSection(SolutionConfigurationPlatforms) = preSolution
		Debug|Any CPU = Debug|Any CPU
		Release|Any CPU = Release|Any CPU
	EndGlobalSection
	GlobalSection(ProjectConfigurationPlatforms) = postSolution
		{16FCC1BE-2DB3-4B2A-8F2E-6DCD35CBEEBC}.Debug|Any CPU.ActiveCfg = Debug|Any CPU
		{16FCC1BE-2DB3-4B2A-8F2E-6DCD35CBEEBC}.Debug|Any CPU.Build.0 = Debug|Any CPU
		{16FCC1BE-2DB3-4B2A-8F2E-6DCD35CBEEBC}.Release|Any CPU.ActiveCfg = Release|Any CPU
		{16FCC1BE-2DB3-4B2A-8F2E-6DCD35CBEEBC}.Release|Any CPU.Build.0 = Release|Any CPU
		{6994EF3C-C819-4162-B062-EF6F4418831F}.Debug|Any CPU.ActiveCfg = Debug|Any CPU
		{6994EF3C-C819-4162-B062-EF6F4418831F}.Debug|Any CPU.Build.0 = Debug|Any CPU
		{6994EF3C-C819-4162-B062-EF6F4418831F}.Release|Any CPU.ActiveCfg = Release|Any CPU
		{6994EF3C-C819-4162-B062-EF6F4418831F}.Release|Any CPU.Build.0 = Release|Any CPU
	EndGlobalSection
	GlobalSection(SolutionProperties) = preSolution
		HideSolutionNode = FALSE
	EndGlobalSection
	GlobalSection(NestedProjects) = preSolution
		{6994EF3C-C819-4162-B062-EF6F4418831F} = {34FB33FC-7FF2-4733-8B98-C31779FA1586}
	EndGlobalSection
	GlobalSection(ExtensibilityGlobals) = postSolution
		SolutionGuid = {5012BAD4-5C38-43DD-B26A-10E117557B60}
	EndGlobalSection
EndGlobal
